
Microsoft Visual Studio Solution File, Format Version 12.00
# Visual Studio Version 17
VisualStudioVersion = 17.11.35431.28
MinimumVisualStudioVersion = 10.0.40219.1
Project("{9A19103F-16F7-4668-BE54-9A1E7A4F7556}") = "TrainTrackChecker", "TrainTrackChecker\TrainTrackChecker.csproj", "{753AF1B3-5C6E-43D9-B8C5-6DCD3E4525B7}"
EndProject
Project("{9A19103F-16F7-4668-BE54-9A1E7A4F7556}") = "TrainTrackChecker.API", "TrainTrackChecker.API\TrainTrackChecker.API.csproj", "{E9D12212-8F40-47D9-9ACC-553BC2866760}"
EndProject
Global
	GlobalSection(SolutionConfigurationPlatforms) = preSolution
		Debug|Any CPU = Debug|Any CPU
		Release|Any CPU = Release|Any CPU
	EndGlobalSection
	GlobalSection(ProjectConfigurationPlatforms) = postSolution
		{753AF1B3-5C6E-43D9-B8C5-6DCD3E4525B7}.Debug|Any CPU.ActiveCfg = Debug|Any CPU
		{753AF1B3-5C6E-43D9-B8C5-6DCD3E4525B7}.Debug|Any CPU.Build.0 = Debug|Any CPU
		{753AF1B3-5C6E-43D9-B8C5-6DCD3E4525B7}.Debug|Any CPU.Deploy.0 = Debug|Any CPU
		{753AF1B3-5C6E-43D9-B8C5-6DCD3E4525B7}.Release|Any CPU.ActiveCfg = Release|Any CPU
		{753AF1B3-5C6E-43D9-B8C5-6DCD3E4525B7}.Release|Any CPU.Build.0 = Release|Any CPU
		{753AF1B3-5C6E-43D9-B8C5-6DCD3E4525B7}.Release|Any CPU.Deploy.0 = Release|Any CPU
		{E9D12212-8F40-47D9-9ACC-553BC2866760}.Debug|Any CPU.ActiveCfg = Debug|Any CPU
		{E9D12212-8F40-47D9-9ACC-553BC2866760}.Debug|Any CPU.Build.0 = Debug|Any CPU
		{E9D12212-8F40-47D9-9ACC-553BC2866760}.Release|Any CPU.ActiveCfg = Release|Any CPU
		{E9D12212-8F40-47D9-9ACC-553BC2866760}.Release|Any CPU.Build.0 = Release|Any CPU
	EndGlobalSection
	GlobalSection(SolutionProperties) = preSolution
		HideSolutionNode = FALSE
	EndGlobalSection
	GlobalSection(ExtensibilityGlobals) = postSolution
		SolutionGuid = {C5FAC8FE-C102-4D0A-8F0E-7E3299F06875}
	EndGlobalSection
EndGlobal
